{
  "nodes": {
    "colorizer": {
      "flake": false,
      "locked": {
        "lastModified": 1591879145,
        "narHash": "sha256-6YrnItxExL2C8pNIdLd+hXCjsB2MbZANwWkah6dreD8=",
        "ref": "refs/heads/master",
        "rev": "36c610a9717cc9ec426a07c8e6bf3b3abcb139d6",
        "revCount": 31,
        "type": "git",
        "url": "https://github.com/norcalli/nvim-colorizer.lua"
      },
      "original": {
        "type": "git",
        "url": "https://github.com/norcalli/nvim-colorizer.lua"
      }
    },
    "flake-compat": {
      "flake": false,
      "locked": {
        "lastModified": 1673956053,
        "narHash": "sha256-4gtG9iQuiKITOjNQQeQIpoIB6b16fm+504Ch3sNKLd8=",
        "owner": "edolstra",
        "repo": "flake-compat",
        "rev": "35bb57c0c8d8b62bbfd284272c928ceb64ddbde9",
        "type": "github"
      },
      "original": {
        "owner": "edolstra",
        "repo": "flake-compat",
        "type": "github"
      }
    },
    "flake-utils": {
      "locked": {
        "lastModified": 1667395993,
        "narHash": "sha256-nuEHfE/LcWyuSWnS8t12N1wc105Qtau+/OdUAjtQ0rA=",
        "owner": "numtide",
        "repo": "flake-utils",
        "rev": "5aed5285a952e0b949eb3ba02c12fa4fcfef535f",
        "type": "github"
      },
      "original": {
        "owner": "numtide",
        "repo": "flake-utils",
        "type": "github"
      }
    },
    "home-manager": {
      "inputs": {
        "nixpkgs": [
          "nixpkgs"
        ]
      },
      "locked": {
        "lastModified": 1689134369,
        "narHash": "sha256-0G9dutIvhS/WUr3Awcnqw71g8EVVvvkOhVDnDDbY4Fw=",
        "owner": "nix-community",
        "repo": "home-manager",
        "rev": "e42fb59768f0305085abde0dd27ab5e0cc15420c",
        "type": "github"
      },
      "original": {
        "owner": "nix-community",
        "repo": "home-manager",
        "type": "github"
      }
    },
    "lspconfig": {
      "flake": false,
      "locked": {
        "lastModified": 1680207200,
        "narHash": "sha256-04N1kvQPUhDZ45U+YY1M8DqGz86/5xxri6EWiaov4nc=",
        "ref": "refs/heads/master",
        "rev": "94291c924f0efdbc16ac625cf77ae7d3a7fa5821",
        "revCount": 2315,
        "type": "git",
        "url": "https://github.com/neovim/nvim-lspconfig"
      },
      "original": {
        "type": "git",
        "url": "https://github.com/neovim/nvim-lspconfig"
      }
    },
    "md-preview": {
      "flake": false,
      "locked": {
        "lastModified": 1678561709,
        "narHash": "sha256-vQFqodp1K4NL8sQFeqP7nKF1XIpgEXNbsLW9gUWA2xk=",
        "ref": "refs/heads/master",
        "rev": "571f14c795e8edd5a21e435f42f37c9bec4a8e16",
        "revCount": 26,
        "type": "git",
        "url": "https://github.com/toppair/peek.nvim"
      },
      "original": {
        "type": "git",
        "url": "https://github.com/toppair/peek.nvim"
      }
    },
    "melange": {
      "flake": false,
      "locked": {
        "lastModified": 1675988929,
        "narHash": "sha256-zlOhjUdiezOjNmFO7YHM5JLX17N25mELfZsaEdwdwYE=",
        "ref": "refs/heads/master",
        "rev": "2c8250c435279638b5a244acfaf9fcdb702a45cc",
        "revCount": 207,
        "type": "git",
        "url": "https://github.com/savq/melange-nvim"
      },
      "original": {
        "type": "git",
        "url": "https://github.com/savq/melange-nvim"
      }
    },
    "neodev": {
      "flake": false,
      "locked": {
        "lastModified": 1680329108,
        "narHash": "sha256-Y1Wix6/F9gE2627twA6lW5Onz+K0B1wHAKOgRqp3ULQ=",
        "ref": "refs/heads/main",
        "rev": "cfd2bb977261194a6e91431f62eb500a1d0cf1da",
        "revCount": 502,
        "type": "git",
        "url": "https://github.com/folke/neodev.nvim"
      },
      "original": {
        "type": "git",
        "url": "https://github.com/folke/neodev.nvim"
      }
    },
    "neovim-flake": {
      "inputs": {
        "flake-utils": "flake-utils",
        "nixpkgs": [
          "nvim",
          "neovim-nightly-overlay",
          "nixpkgs"
        ]
      },
      "locked": {
        "dir": "contrib",
        "lastModified": 1680310604,
        "narHash": "sha256-2jop/z79HYhmV/hrdGvhjfTMouvzQvNRgFTkPhwWVcg=",
        "owner": "neovim",
        "repo": "neovim",
        "rev": "75e1b1d5c934aa3a12693a7df58795563fb7877e",
        "type": "github"
      },
      "original": {
        "dir": "contrib",
        "owner": "neovim",
        "repo": "neovim",
        "type": "github"
      }
    },
    "neovim-nightly-overlay": {
      "inputs": {
        "flake-compat": "flake-compat",
        "neovim-flake": "neovim-flake",
        "nixpkgs": "nixpkgs_2"
      },
      "locked": {
        "lastModified": 1680336751,
        "narHash": "sha256-otSdFRXsNyPYOsbo+49vN4UGwZrVoLDrEp0EkyVJ/rY=",
        "ref": "refs/heads/master",
        "rev": "d56f32281f4d6d74ce925a99946713dc6b5a0e30",
        "revCount": 1039,
        "type": "git",
        "url": "https://github.com/nix-community/neovim-nightly-overlay"
      },
      "original": {
        "type": "git",
        "url": "https://github.com/nix-community/neovim-nightly-overlay"
      }
    },
    "nixpkgs": {
      "locked": {
        "lastModified": 1689098530,
        "narHash": "sha256-fxc/9f20wRyo/5ydkmZkX/Sh/ULa7RcT8h+cUv8p/44=",
        "owner": "NixOS",
        "repo": "nixpkgs",
        "rev": "f2406198ea0e4e37d4380d0e20336c575b8f8ef9",
        "type": "github"
      },
      "original": {
        "owner": "NixOS",
        "ref": "nixos-unstable",
        "repo": "nixpkgs",
        "type": "github"
      }
    },
    "nixpkgs_2": {
      "locked": {
        "lastModified": 1680273054,
        "narHash": "sha256-Bs6/5LpvYp379qVqGt9mXxxx9GSE789k3oFc+OAL07M=",
        "owner": "nixos",
        "repo": "nixpkgs",
        "rev": "3364b5b117f65fe1ce65a3cdd5612a078a3b31e3",
        "type": "github"
      },
      "original": {
        "owner": "nixos",
        "ref": "nixpkgs-unstable",
        "repo": "nixpkgs",
        "type": "github"
      }
    },
    "nixpkgs_3": {
      "locked": {
        "lastModified": 1680334200,
        "narHash": "sha256-kDEdiPCw41us+8p6ae2vz2Xd8cmPxXzc9uTftAWuUzc=",
        "ref": "refs/heads/master",
        "rev": "45c671173b3392e946dee7f9aa6c40c6f348bec3",
        "revCount": 469818,
        "type": "git",
        "url": "https://github.com/nixos/nixpkgs"
      },
      "original": {
        "type": "git",
        "url": "https://github.com/nixos/nixpkgs"
      }
    },
    "null-ls": {
      "flake": false,
      "locked": {
        "lastModified": 1680311856,
        "narHash": "sha256-JViLNL2LLzm+ZQYnR4HF3e2mBa7AbDK7jWn4ZhjKYbY=",
        "ref": "refs/heads/main",
        "rev": "defa0518762abb32279d601443344fb9773f9330",
        "revCount": 1904,
        "type": "git",
        "url": "https://github.com/jose-elias-alvarez/null-ls.nvim"
      },
      "original": {
        "type": "git",
        "url": "https://github.com/jose-elias-alvarez/null-ls.nvim"
      }
    },
    "nvim": {
      "inputs": {
        "colorizer": "colorizer",
        "lspconfig": "lspconfig",
        "md-preview": "md-preview",
        "melange": "melange",
        "neodev": "neodev",
        "neovim-nightly-overlay": "neovim-nightly-overlay",
        "nixpkgs": "nixpkgs_3",
        "null-ls": "null-ls",
        "telescope-tabs": "telescope-tabs",
        "ts-context": "ts-context",
        "ts-playground": "ts-playground",
        "virt-column": "virt-column",
        "zen": "zen"
      },
      "locked": {
        "lastModified": 1680391379,
        "narHash": "sha256-fVCWACTTB8Zy9imIvi1RGynDyZkC4ddIBrs40+XWOCU=",
        "ref": "refs/heads/main",
        "rev": "660329367cac5f3f835464eba98c27d2e06e681d",
        "revCount": 4,
        "type": "git",
        "url": "file:///home/mt/FLAKE-NVIM"
      },
      "original": {
        "type": "git",
        "url": "file:///home/mt/FLAKE-NVIM"
      }
    },
    "root": {
      "inputs": {
        "home-manager": "home-manager",
        "nixpkgs": "nixpkgs",
        "nvim": "nvim"
      }
    },
    "telescope-tabs": {
      "flake": false,
      "locked": {
        "lastModified": 1675592081,
        "narHash": "sha256-Wxrk0E9194g2RvevpHakLFQ6yuE1V7fHXVdDggK4tp4=",
        "ref": "refs/heads/master",
        "rev": "df6e9eb2d7338a7ebe45f306582d5456dab8695c",
        "revCount": 35,
        "type": "git",
        "url": "https://github.com/LukasPietzschmann/telescope-tabs"
      },
      "original": {
        "type": "git",
        "url": "https://github.com/LukasPietzschmann/telescope-tabs"
      }
    },
    "ts-context": {
      "flake": false,
      "locked": {
        "lastModified": 1680252218,
        "narHash": "sha256-x1j2Kn9U2U0BnXI//80JvfqM/7alz0XxwSQMM1tkAYk=",
        "ref": "refs/heads/master",
        "rev": "959265a5d438462dc5d3dde215b915109c3d6fcb",
        "revCount": 205,
        "type": "git",
        "url": "https://github.com/nvim-treesitter/nvim-treesitter-context"
      },
      "original": {
        "type": "git",
        "url": "https://github.com/nvim-treesitter/nvim-treesitter-context"
      }
    },
    "ts-playground": {
      "flake": false,
      "locked": {
        "lastModified": 1676666900,
        "narHash": "sha256-e8wqVyXfZ8qmURbCO/4pOVDSSHZEaRTGZLK5ZEh0AIY=",
        "ref": "refs/heads/master",
        "rev": "4044b53c4d4fcd7a78eae20b8627f78ce7dc6f56",
        "revCount": 124,
        "type": "git",
        "url": "https://github.com/nvim-treesitter/playground"
      },
      "original": {
        "type": "git",
        "url": "https://github.com/nvim-treesitter/playground"
      }
    },
    "virt-column": {
      "flake": false,
      "locked": {
        "lastModified": 1674188823,
        "narHash": "sha256-6EbEzg2bfoHmVZyggwvsDlW9OOA4UkcfO0qG0TEDKQs=",
        "ref": "refs/heads/master",
        "rev": "93b40ea038f676f5a72d7d1f2336fe7b051fc0ce",
        "revCount": 37,
        "type": "git",
        "url": "https://github.com/lukas-reineke/virt-column.nvim"
      },
      "original": {
        "type": "git",
        "url": "https://github.com/lukas-reineke/virt-column.nvim"
      }
    },
    "zen": {
      "flake": false,
      "locked": {
        "lastModified": 1679256007,
        "narHash": "sha256-3Od9gplrEWvzdMYsiZQzxo9wgcLh/Onqrz+/ij1dLUo=",
        "ref": "refs/heads/main",
        "rev": "d907e638c879642d226d27469b53db6925f69d4c",
        "revCount": 54,
        "type": "git",
        "url": "https://github.com/folke/zen-mode.nvim"
      },
      "original": {
        "type": "git",
        "url": "https://github.com/folke/zen-mode.nvim"
      }
    }
  },
  "root": "root",
  "version": 7
}
